
Microsoft Visual Studio Solution File, Format Version 12.00
# Visual Studio Version 16
VisualStudioVersion = 16.0.30907.101
MinimumVisualStudioVersion = 10.0.40219.1
Project("{FAE04EC0-301F-11D3-BF4B-00C04F79EFBC}") = "Entities", "Entities\Entities.csproj", "{C8B62A1C-2C40-4EE5-99EC-4CE970B33234}"
EndProject
Project("{FAE04EC0-301F-11D3-BF4B-00C04F79EFBC}") = "DataAccess", "DataAccess\DataAccess.csproj", "{3C1FEFDF-F6D8-435B-B8A1-8A984397B7C0}"
EndProject
Project("{FAE04EC0-301F-11D3-BF4B-00C04F79EFBC}") = "Business", "Business\Business.csproj", "{DE609817-EBE8-4041-8335-2DC717D5DD5D}"
EndProject
Project("{FAE04EC0-301F-11D3-BF4B-00C04F79EFBC}") = "ConsoleUI", "ConsoleUI\ConsoleUI.csproj", "{C01DDE2D-5C8C-4782-90A3-B2D63A5BD2CF}"
EndProject
Global
	GlobalSection(SolutionConfigurationPlatforms) = preSolution
		Debug|Any CPU = Debug|Any CPU
		Release|Any CPU = Release|Any CPU
	EndGlobalSection
	GlobalSection(ProjectConfigurationPlatforms) = postSolution
		{C8B62A1C-2C40-4EE5-99EC-4CE970B33234}.Debug|Any CPU.ActiveCfg = Debug|Any CPU
		{C8B62A1C-2C40-4EE5-99EC-4CE970B33234}.Debug|Any CPU.Build.0 = Debug|Any CPU
		{C8B62A1C-2C40-4EE5-99EC-4CE970B33234}.Release|Any CPU.ActiveCfg = Release|Any CPU
		{C8B62A1C-2C40-4EE5-99EC-4CE970B33234}.Release|Any CPU.Build.0 = Release|Any CPU
		{3C1FEFDF-F6D8-435B-B8A1-8A984397B7C0}.Debug|Any CPU.ActiveCfg = Debug|Any CPU
		{3C1FEFDF-F6D8-435B-B8A1-8A984397B7C0}.Debug|Any CPU.Build.0 = Debug|Any CPU
		{3C1FEFDF-F6D8-435B-B8A1-8A984397B7C0}.Release|Any CPU.ActiveCfg = Release|Any CPU
		{3C1FEFDF-F6D8-435B-B8A1-8A984397B7C0}.Release|Any CPU.Build.0 = Release|Any CPU
		{DE609817-EBE8-4041-8335-2DC717D5DD5D}.Debug|Any CPU.ActiveCfg = Debug|Any CPU
		{DE609817-EBE8-4041-8335-2DC717D5DD5D}.Debug|Any CPU.Build.0 = Debug|Any CPU
		{DE609817-EBE8-4041-8335-2DC717D5DD5D}.Release|Any CPU.ActiveCfg = Release|Any CPU
		{DE609817-EBE8-4041-8335-2DC717D5DD5D}.Release|Any CPU.Build.0 = Release|Any CPU
		{C01DDE2D-5C8C-4782-90A3-B2D63A5BD2CF}.Debug|Any CPU.ActiveCfg = Debug|Any CPU
		{C01DDE2D-5C8C-4782-90A3-B2D63A5BD2CF}.Debug|Any CPU.Build.0 = Debug|Any CPU
		{C01DDE2D-5C8C-4782-90A3-B2D63A5BD2CF}.Release|Any CPU.ActiveCfg = Release|Any CPU
		{C01DDE2D-5C8C-4782-90A3-B2D63A5BD2CF}.Release|Any CPU.Build.0 = Release|Any CPU
	EndGlobalSection
	GlobalSection(SolutionProperties) = preSolution
		HideSolutionNode = FALSE
	EndGlobalSection
	GlobalSection(ExtensibilityGlobals) = postSolution
		SolutionGuid = {2F56B08C-561A-423D-843F-FDDCC2A3C66F}
	EndGlobalSection
EndGlobal
